
Microsoft Visual Studio Solution File, Format Version 12.00
# Visual Studio Version 17
VisualStudioVersion = 17.6.33723.286
MinimumVisualStudioVersion = 10.0.40219.1
Project("{FAE04EC0-301F-11D3-BF4B-00C04F79EFBC}") = "Guess the Number", "Guess the Number\Guess the Number.csproj", "{85652BD3-77C1-483E-A66D-68A98C3C3054}"
EndProject
Global
	GlobalSection(SolutionConfigurationPlatforms) = preSolution
		Debug|Any CPU = Debug|Any CPU
		Release|Any CPU = Release|Any CPU
	EndGlobalSection
	GlobalSection(ProjectConfigurationPlatforms) = postSolution
		{85652BD3-77C1-483E-A66D-68A98C3C3054}.Debug|Any CPU.ActiveCfg = Debug|Any CPU
		{85652BD3-77C1-483E-A66D-68A98C3C3054}.Debug|Any CPU.Build.0 = Debug|Any CPU
		{85652BD3-77C1-483E-A66D-68A98C3C3054}.Release|Any CPU.ActiveCfg = Release|Any CPU
		{85652BD3-77C1-483E-A66D-68A98C3C3054}.Release|Any CPU.Build.0 = Release|Any CPU
	EndGlobalSection
	GlobalSection(SolutionProperties) = preSolution
		HideSolutionNode = FALSE
	EndGlobalSection
	GlobalSection(ExtensibilityGlobals) = postSolution
		SolutionGuid = {5BFCDCD4-B729-4885-B0DC-7D76A87604DD}
	EndGlobalSection
EndGlobal
